// !$*UTF8*$!
{
	archiveVersion = 1;
	classes = {
	};
	objectVersion = 46;
	objects = {

/* Begin PBXBuildFile section */
		99B729BA1D9ABDE000055803 /* main.m in Sources */ = {isa = PBXBuildFile; fileRef = 99B729B91D9ABDE000055803 /* main.m */; };
		99B729BD1D9ABDE000055803 /* AppDelegate.m in Sources */ = {isa = PBXBuildFile; fileRef = 99B729BC1D9ABDE000055803 /* AppDelegate.m */; };
		99B729C01D9ABDE000055803 /* ViewController.m in Sources */ = {isa = PBXBuildFile; fileRef = 99B729BF1D9ABDE000055803 /* ViewController.m */; };
		99B729C31D9ABDE000055803 /* Main.storyboard in Resources */ = {isa = PBXBuildFile; fileRef = 99B729C11D9ABDE000055803 /* Main.storyboard */; };
		99B729C51D9ABDE000055803 /* Assets.xcassets in Resources */ = {isa = PBXBuildFile; fileRef = 99B729C41D9ABDE000055803 /* Assets.xcassets */; };
		99B729C81D9ABDE000055803 /* LaunchScreen.storyboard in Resources */ = {isa = PBXBuildFile; fileRef = 99B729C61D9ABDE000055803 /* LaunchScreen.storyboard */; };
		99B729D11D9B3BA400055803 /* FirstViewController.m in Sources */ = {isa = PBXBuildFile; fileRef = 99B729D01D9B3BA400055803 /* FirstViewController.m */; };
/* End PBXBuildFile section */

/* Begin PBXFileReference section */
		99B729B51D9ABDE000055803 /* training2.app */ = {isa = PBXFileReference; explicitFileType = wrapper.application; includeInIndex = 0; path = training2.app; sourceTree = BUILT_PRODUCTS_DIR; };
		99B729B91D9ABDE000055803 /* main.m */ = {isa = PBXFileReference; lastKnownFileType = sourcecode.c.objc; path = main.m; sourceTree = "<group>"; };
		99B729BB1D9ABDE000055803 /* AppDelegate.h */ = {isa = PBXFileReference; lastKnownFileType = sourcecode.c.h; path = AppDelegate.h; sourceTree = "<group>"; };
		99B729BC1D9ABDE000055803 /* AppDelegate.m */ = {isa = PBXFileReference; lastKnownFileType = sourcecode.c.objc; path = AppDelegate.m; sourceTree = "<group>"; };
		99B729BE1D9ABDE000055803 /* ViewController.h */ = {isa = PBXFileReference; lastKnownFileType = sourcecode.c.h; path = ViewController.h; sourceTree = "<group>"; };
		99B729BF1D9ABDE000055803 /* ViewController.m */ = {isa = PBXFileReference; lastKnownFileType = sourcecode.c.objc; path = ViewController.m; sourceTree = "<group>"; };
		99B729C21D9ABDE000055803 /* Base */ = {isa = PBXFileReference; lastKnownFileType = file.storyboard; name = Base; path = Base.lproj/Main.storyboard; sourceTree = "<group>"; };
		99B729C41D9ABDE000055803 /* Assets.xcassets */ = {isa = PBXFileReference; lastKnownFileType = folder.assetcatalog; path = Assets.xcassets; sourceTree = "<group>"; };
		99B729C71D9ABDE000055803 /* Base */ = {isa = PBXFileReference; lastKnownFileType = file.storyboard; name = Base; path = Base.lproj/LaunchScreen.storyboard; sourceTree = "<group>"; };
		99B729C91D9ABDE000055803 /* Info.plist */ = {isa = PBXFileReference; lastKnownFileType = text.plist.xml; path = Info.plist; sourceTree = "<group>"; };
		99B729CF1D9B3BA400055803 /* FirstViewController.h */ = {isa = PBXFileReference; fileEncoding = 4; lastKnownFileType = sourcecode.c.h; path = FirstViewController.h; sourceTree = "<group>"; };
		99B729D01D9B3BA400055803 /* FirstViewController.m */ = {isa = PBXFileReference; fileEncoding = 4; lastKnownFileType = sourcecode.c.objc; path = FirstViewController.m; sourceTree = "<group>"; };
/* End PBXFileReference section */

/* Begin PBXFrameworksBuildPhase section */
		99B729B21D9ABDE000055803 /* Frameworks */ = {
			isa = PBXFrameworksBuildPhase;
			buildActionMask = 2147483647;
			files = (
			);
			runOnlyForDeploymentPostprocessing = 0;
		};
/* End PBXFrameworksBuildPhase section */

/* Begin PBXGroup section */
		99B729AC1D9ABDE000055803 = {
			isa = PBXGroup;
			children = (
				99B729B71D9ABDE000055803 /* training2 */,
				99B729B61D9ABDE000055803 /* Products */,
			);
			sourceTree = "<group>";
		};
		99B729B61D9ABDE000055803 /* Products */ = {
			isa = PBXGroup;
			children = (
				99B729B51D9ABDE000055803 /* training2.app */,
			);
			name = Products;
			sourceTree = "<group>";
		};
		99B729B71D9ABDE000055803 /* training2 */ = {
			isa = PBXGroup;
			children = (
				99B729BB1D9ABDE000055803 /* AppDelegate.h */,
				99B729BC1D9ABDE000055803 /* AppDelegate.m */,
				99B729BE1D9ABDE000055803 /* ViewController.h */,
				99B729BF1D9ABDE000055803 /* ViewController.m */,
				99B729CF1D9B3BA400055803 /* FirstViewController.h */,
				99B729D01D9B3BA400055803 /* FirstViewController.m */,
				99B729C11D9ABDE000055803 /* Main.storyboard */,
				99B729C41D9ABDE000055803 /* Assets.xcassets */,
				99B729C61D9ABDE000055803 /* LaunchScreen.storyboard */,
				99B729C91D9ABDE000055803 /* Info.plist */,
				99B729B81D9ABDE000055803 /* Supporting Files */,
			);
			path = training2;
			sourceTree = "<group>";
		};
		99B729B81D9ABDE000055803 /* Supporting Files */ = {
			isa = PBXGroup;
			children = (
				99B729B91D9ABDE000055803 /* main.m */,
			);
			name = "Supporting Files";
			sourceTree = "<group>";
		};
/* End PBXGroup section */

/* Begin PBXNativeTarget section */
		99B729B41D9ABDE000055803 /* training2 */ = {
			isa = PBXNativeTarget;
			buildConfigurationList = 99B729CC1D9ABDE000055803 /* Build configuration list for PBXNativeTarget "training2" */;
			buildPhases = (
				99B729B11D9ABDE000055803 /* Sources */,
				99B729B21D9ABDE000055803 /* Frameworks */,
				99B729B31D9ABDE000055803 /* Resources */,
			);
			buildRules = (
			);
			dependencies = (
			);
			name = training2;
			productName = training2;
			productReference = 99B729B51D9ABDE000055803 /* training2.app */;
			productType = "com.apple.product-type.application";
		};
/* End PBXNativeTarget section */

/* Begin PBXProject section */
		99B729AD1D9ABDE000055803 /* Project object */ = {
			isa = PBXProject;
			attributes = {
				LastUpgradeCheck = 0730;
				ORGANIZATIONNAME = "Helio Carvalho";
				TargetAttributes = {
					99B729B41D9ABDE000055803 = {
						CreatedOnToolsVersion = 7.3.1;
					};
				};
			};
			buildConfigurationList = 99B729B01D9ABDE000055803 /* Build configuration list for PBXProject "training2" */;
			compatibilityVersion = "Xcode 3.2";
			developmentRegion = English;
			hasScannedForEncodings = 0;
			knownRegions = (
				en,
				Base,
			);
			mainGroup = 99B729AC1D9ABDE000055803;
			productRefGroup = 99B729B61D9ABDE000055803 /* Products */;
			projectDirPath = "";
			projectRoot = "";
			targets = (
				99B729B41D9ABDE000055803 /* training2 */,
			);
		};
/* End PBXProject section */

/* Begin PBXResourcesBuildPhase section */
		99B729B31D9ABDE000055803 /* Resources */ = {
			isa = PBXResourcesBuildPhase;
			buildActionMask = 2147483647;
			files = (
				99B729C81D9ABDE000055803 /* LaunchScreen.storyboard in Resources */,
				99B729C51D9ABDE000055803 /* Assets.xcassets in Resources */,
				99B729C31D9ABDE000055803 /* Main.storyboard in Resources */,
			);
			runOnlyForDeploymentPostprocessing = 0;
		};
/* End PBXResourcesBuildPhase section */

/* Begin PBXSourcesBuildPhase section */
		99B729B11D9ABDE000055803 /* Sources */ = {
			isa = PBXSourcesBuildPhase;
			buildActionMask = 2147483647;
			files = (
				99B729C01D9ABDE000055803 /* ViewController.m in Sources */,
				99B729BD1D9ABDE000055803 /* AppDelegate.m in Sources */,
				99B729BA1D9ABDE000055803 /* main.m in Sources */,
				99B729D11D9B3BA400055803 /* FirstViewController.m in Sources */,
			);
			runOnlyForDeploymentPostprocessing = 0;
		};
/* End PBXSourcesBuildPhase section */

/* Begin PBXVariantGroup section */
		99B729C11D9ABDE000055803 /* Main.storyboard */ = {
			isa = PBXVariantGroup;
			children = (
				99B729C21D9ABDE000055803 /* Base */,
			);
			name = Main.storyboard;
			sourceTree = "<group>";
		};
		99B729C61D9ABDE000055803 /* LaunchScreen.storyboard */ = {
			isa = PBXVariantGroup;
			children = (
				99B729C71D9ABDE000055803 /* Base */,
			);
			name = LaunchScreen.storyboard;
			sourceTree = "<group>";
		};
/* End PBXVariantGroup section */

/* Begin XCBuildConfiguration section */
		99B729CA1D9ABDE000055803 /* Debug */ = {
			isa = XCBuildConfiguration;
			buildSettings = {
				ALWAYS_SEARCH_USER_PATHS = NO;
				CLANG_ANALYZER_NONNULL = YES;
				CLANG_CXX_LANGUAGE_STANDARD = "gnu++0x";
				CLANG_CXX_LIBRARY = "libc++";
				CLANG_ENABLE_MODULES = YES;
				CLANG_ENABLE_OBJC_ARC = YES;
				CLANG_WARN_BOOL_CONVERSION = YES;
				CLANG_WARN_CONSTANT_CONVERSION = YES;
				CLANG_WARN_DIRECT_OBJC_ISA_USAGE = YES_ERROR;
				CLANG_WARN_EMPTY_BODY = YES;
				CLANG_WARN_ENUM_CONVERSION = YES;
				CLANG_WARN_INT_CONVERSION = YES;
				CLANG_WARN_OBJC_ROOT_CLASS = YES_ERROR;
				CLANG_WARN_UNREACHABLE_CODE = YES;
				CLANG_WARN__DUPLICATE_METHOD_MATCH = YES;
				"CODE_SIGN_IDENTITY[sdk=iphoneos*]" = "iPhone Developer";
				COPY_PHASE_STRIP = NO;
				DEBUG_INFORMATION_FORMAT = dwarf;
				ENABLE_STRICT_OBJC_MSGSEND = YES;
				ENABLE_TESTABILITY = YES;
				GCC_C_LANGUAGE_STANDARD = gnu99;
				GCC_DYNAMIC_NO_PIC = NO;
				GCC_NO_COMMON_BLOCKS = YES;
				GCC_OPTIMIZATION_LEVEL = 0;
				GCC_PREPROCESSOR_DEFINITIONS = (
					"DEBUG=1",
					"$(inherited)",
				);
				GCC_WARN_64_TO_32_BIT_CONVERSION = YES;
				GCC_WARN_ABOUT_RETURN_TYPE = YES_ERROR;
				GCC_WARN_UNDECLARED_SELECTOR = YES;
				GCC_WARN_UNINITIALIZED_AUTOS = YES_AGGRESSIVE;
				GCC_WARN_UNUSED_FUNCTION = YES;
				GCC_WARN_UNUSED_VARIABLE = YES;
				IPHONEOS_DEPLOYMENT_TARGET = 9.3;
				MTL_ENABLE_DEBUG_INFO = YES;
				ONLY_ACTIVE_ARCH = YES;
				SDKROOT = iphoneos;
				TARGETED_DEVICE_FAMILY = "1,2";
			};
			name = Debug;
		};
		99B729CB1D9ABDE000055803 /* Release */ = {
			isa = XCBuildConfiguration;
			buildSettings = {
				ALWAYS_SEARCH_USER_PATHS = NO;
				CLANG_ANALYZER_NONNULL = YES;
				CLANG_CXX_LANGUAGE_STANDARD = "gnu++0x";
				CLANG_CXX_LIBRARY = "libc++";
				CLANG_ENABLE_MODULES = YES;
				CLANG_ENABLE_OBJC_ARC = YES;
				CLANG_WARN_BOOL_CONVERSION = YES;
				CLANG_WARN_CONSTANT_CONVERSION = YES;
				CLANG_WARN_DIRECT_OBJC_ISA_USAGE = YES_ERROR;
				CLANG_WARN_EMPTY_BODY = YES;
				CLANG_WARN_ENUM_CONVERSION = YES;
				CLANG_WARN_INT_CONVERSION = YES;
				CLANG_WARN_OBJC_ROOT_CLASS = YES_ERROR;
				CLANG_WARN_UNREACHABLE_CODE = YES;
				CLANG_WARN__DUPLICATE_METHOD_MATCH = YES;
				"CODE_SIGN_IDENTITY[sdk=iphoneos*]" = "iPhone Developer";
				COPY_PHASE_STRIP = NO;
				DEBUG_INFORMATION_FORMAT = "dwarf-with-dsym";
				ENABLE_NS_ASSERTIONS = NO;
				ENABLE_STRICT_OBJC_MSGSEND = YES;
				GCC_C_LANGUAGE_STANDARD = gnu99;
				GCC_NO_COMMON_BLOCKS = YES;
				GCC_WARN_64_TO_32_BIT_CONVERSION = YES;
				GCC_WARN_ABOUT_RETURN_TYPE = YES_ERROR;
				GCC_WARN_UNDECLARED_SELECTOR = YES;
				GCC_WARN_UNINITIALIZED_AUTOS = YES_AGGRESSIVE;
				GCC_WARN_UNUSED_FUNCTION = YES;
				GCC_WARN_UNUSED_VARIABLE = YES;
				IPHONEOS_DEPLOYMENT_TARGET = 9.3;
				MTL_ENABLE_DEBUG_INFO = NO;
				SDKROOT = iphoneos;
				TARGETED_DEVICE_FAMILY = "1,2";
				VALIDATE_PRODUCT = YES;
			};
			name = Release;
		};
		99B729CD1D9ABDE000055803 /* Debug */ = {
			isa = XCBuildConfiguration;
			buildSettings = {
				ASSETCATALOG_COMPILER_APPICON_NAME = AppIcon;
				INFOPLIST_FILE = training2/Info.plist;
				LD_RUNPATH_SEARCH_PATHS = "$(inherited) @executable_path/Frameworks";
				PRODUCT_BUNDLE_IDENTIFIER = treino1.training2;
				PRODUCT_NAME = "$(TARGET_NAME)";
			};
			name = Debug;
		};
		99B729CE1D9ABDE000055803 /* Release */ = {
			isa = XCBuildConfiguration;
			buildSettings = {
				ASSETCATALOG_COMPILER_APPICON_NAME = AppIcon;
				INFOPLIST_FILE = training2/Info.plist;
				LD_RUNPATH_SEARCH_PATHS = "$(inherited) @executable_path/Frameworks";
				PRODUCT_BUNDLE_IDENTIFIER = treino1.training2;
				PRODUCT_NAME = "$(TARGET_NAME)";
			};
			name = Release;
		};
/* End XCBuildConfiguration section */

/* Begin XCConfigurationList section */
		99B729B01D9ABDE000055803 /* Build configuration list for PBXProject "training2" */ = {
			isa = XCConfigurationList;
			buildConfigurations = (
				99B729CA1D9ABDE000055803 /* Debug */,
				99B729CB1D9ABDE000055803 /* Release */,
			);
			defaultConfigurationIsVisible = 0;
			defaultConfigurationName = Release;
		};
		99B729CC1D9ABDE000055803 /* Build configuration list for PBXNativeTarget "training2" */ = {
			isa = XCConfigurationList;
			buildConfigurations = (
				99B729CD1D9ABDE000055803 /* Debug */,
				99B729CE1D9ABDE000055803 /* Release */,
			);
			defaultConfigurationIsVisible = 0;
			defaultConfigurationName = Release;
		};
/* End XCConfigurationList section */
	};
	rootObject = 99B729AD1D9ABDE000055803 /* Project object */;
}
